
Microsoft Visual Studio Solution File, Format Version 12.00
# Visual Studio Version 17
VisualStudioVersion = 17.14.36518.9
MinimumVisualStudioVersion = 10.0.40219.1
Project("{FAE04EC0-301F-11D3-BF4B-00C04F79EFBC}") = "Database", "Database\Database.csproj", "{CC4FECA8-A7E0-4945-AC97-626FE692A2C1}"
EndProject
Project("{FAE04EC0-301F-11D3-BF4B-00C04F79EFBC}") = "Business", "Business\Business.csproj", "{19791DAD-F659-4529-8A1B-0A0002D68346}"
EndProject
Project("{FAE04EC0-301F-11D3-BF4B-00C04F79EFBC}") = "API", "API\API.csproj", "{781F1B21-26A9-42D0-919E-D4A4B4696BCE}"
EndProject
Global
	GlobalSection(SolutionConfigurationPlatforms) = preSolution
		Debug|Any CPU = Debug|Any CPU
		Release|Any CPU = Release|Any CPU
	EndGlobalSection
	GlobalSection(ProjectConfigurationPlatforms) = postSolution
		{CC4FECA8-A7E0-4945-AC97-626FE692A2C1}.Debug|Any CPU.ActiveCfg = Debug|Any CPU
		{CC4FECA8-A7E0-4945-AC97-626FE692A2C1}.Debug|Any CPU.Build.0 = Debug|Any CPU
		{CC4FECA8-A7E0-4945-AC97-626FE692A2C1}.Release|Any CPU.ActiveCfg = Release|Any CPU
		{CC4FECA8-A7E0-4945-AC97-626FE692A2C1}.Release|Any CPU.Build.0 = Release|Any CPU
		{19791DAD-F659-4529-8A1B-0A0002D68346}.Debug|Any CPU.ActiveCfg = Debug|Any CPU
		{19791DAD-F659-4529-8A1B-0A0002D68346}.Debug|Any CPU.Build.0 = Debug|Any CPU
		{19791DAD-F659-4529-8A1B-0A0002D68346}.Release|Any CPU.ActiveCfg = Release|Any CPU
		{19791DAD-F659-4529-8A1B-0A0002D68346}.Release|Any CPU.Build.0 = Release|Any CPU
		{781F1B21-26A9-42D0-919E-D4A4B4696BCE}.Debug|Any CPU.ActiveCfg = Debug|Any CPU
		{781F1B21-26A9-42D0-919E-D4A4B4696BCE}.Debug|Any CPU.Build.0 = Debug|Any CPU
		{781F1B21-26A9-42D0-919E-D4A4B4696BCE}.Release|Any CPU.ActiveCfg = Release|Any CPU
		{781F1B21-26A9-42D0-919E-D4A4B4696BCE}.Release|Any CPU.Build.0 = Release|Any CPU
	EndGlobalSection
	GlobalSection(SolutionProperties) = preSolution
		HideSolutionNode = FALSE
	EndGlobalSection
	GlobalSection(ExtensibilityGlobals) = postSolution
		SolutionGuid = {4BFDBC7F-B722-478D-B889-FD648136B09E}
	EndGlobalSection
EndGlobal
